
Microsoft Visual Studio Solution File, Format Version 12.00
# Visual Studio Version 16
VisualStudioVersion = 16.0.31702.278
MinimumVisualStudioVersion = 10.0.40219.1
Project("{FAE04EC0-301F-11D3-BF4B-00C04F79EFBC}") = "tatiana_provavenerdi", "tatiana_provavenerdi\tatiana_provavenerdi.csproj", "{728DF5C4-43D3-445E-ABAA-8FFE89B9C446}"
EndProject
Global
	GlobalSection(SolutionConfigurationPlatforms) = preSolution
		Debug|Any CPU = Debug|Any CPU
		Release|Any CPU = Release|Any CPU
	EndGlobalSection
	GlobalSection(ProjectConfigurationPlatforms) = postSolution
		{728DF5C4-43D3-445E-ABAA-8FFE89B9C446}.Debug|Any CPU.ActiveCfg = Debug|Any CPU
		{728DF5C4-43D3-445E-ABAA-8FFE89B9C446}.Debug|Any CPU.Build.0 = Debug|Any CPU
		{728DF5C4-43D3-445E-ABAA-8FFE89B9C446}.Release|Any CPU.ActiveCfg = Release|Any CPU
		{728DF5C4-43D3-445E-ABAA-8FFE89B9C446}.Release|Any CPU.Build.0 = Release|Any CPU
	EndGlobalSection
	GlobalSection(SolutionProperties) = preSolution
		HideSolutionNode = FALSE
	EndGlobalSection
	GlobalSection(ExtensibilityGlobals) = postSolution
		SolutionGuid = {1412F1AD-B6AB-47FB-9253-4DAB51F164B4}
	EndGlobalSection
EndGlobal
